
Microsoft Visual Studio Solution File, Format Version 12.00
Project("{FAE04EC0-301F-11D3-BF4B-00C04F79EFBC}") = "RandomWorkout1", "RandomWorkout1\RandomWorkout1.csproj", "{B704FC2C-FB0C-4834-A71D-6C7F372C99B2}"
EndProject
Global
	GlobalSection(SolutionConfigurationPlatforms) = preSolution
		Debug|Any CPU = Debug|Any CPU
		Release|Any CPU = Release|Any CPU
	EndGlobalSection
	GlobalSection(ProjectConfigurationPlatforms) = postSolution
		{B704FC2C-FB0C-4834-A71D-6C7F372C99B2}.Debug|Any CPU.ActiveCfg = Debug|Any CPU
		{B704FC2C-FB0C-4834-A71D-6C7F372C99B2}.Debug|Any CPU.Build.0 = Debug|Any CPU
		{B704FC2C-FB0C-4834-A71D-6C7F372C99B2}.Release|Any CPU.ActiveCfg = Release|Any CPU
		{B704FC2C-FB0C-4834-A71D-6C7F372C99B2}.Release|Any CPU.Build.0 = Release|Any CPU
	EndGlobalSection
EndGlobal
